
Microsoft Visual Studio Solution File, Format Version 12.00
# Visual Studio 15
VisualStudioVersion = 15.0.26403.7
MinimumVisualStudioVersion = 10.0.40219.1
Project("{FAE04EC0-301F-11D3-BF4B-00C04F79EFBC}") = "MusicHub.Presentation", "MusicHub.Presentation\MusicHub.Presentation.csproj", "{60F1D4E7-B12D-419A-B9B3-B898C7534725}"
EndProject
Project("{FAE04EC0-301F-11D3-BF4B-00C04F79EFBC}") = "MusicHub.Domain", "MusicHub.Domain\MusicHub.Domain.csproj", "{A7B11D2E-9CA5-4C78-B5D2-FEEC99D6F9EB}"
EndProject
Project("{FAE04EC0-301F-11D3-BF4B-00C04F79EFBC}") = "MusicHub.Data", "MusicHub.Data\MusicHub.Data.csproj", "{4D694E5A-B058-4303-8AE1-971CBA135FDF}"
EndProject
Global
	GlobalSection(SolutionConfigurationPlatforms) = preSolution
		Debug|Any CPU = Debug|Any CPU
		Release|Any CPU = Release|Any CPU
	EndGlobalSection
	GlobalSection(ProjectConfigurationPlatforms) = postSolution
		{60F1D4E7-B12D-419A-B9B3-B898C7534725}.Debug|Any CPU.ActiveCfg = Debug|Any CPU
		{60F1D4E7-B12D-419A-B9B3-B898C7534725}.Debug|Any CPU.Build.0 = Debug|Any CPU
		{60F1D4E7-B12D-419A-B9B3-B898C7534725}.Release|Any CPU.ActiveCfg = Release|Any CPU
		{60F1D4E7-B12D-419A-B9B3-B898C7534725}.Release|Any CPU.Build.0 = Release|Any CPU
		{A7B11D2E-9CA5-4C78-B5D2-FEEC99D6F9EB}.Debug|Any CPU.ActiveCfg = Debug|Any CPU
		{A7B11D2E-9CA5-4C78-B5D2-FEEC99D6F9EB}.Debug|Any CPU.Build.0 = Debug|Any CPU
		{A7B11D2E-9CA5-4C78-B5D2-FEEC99D6F9EB}.Release|Any CPU.ActiveCfg = Release|Any CPU
		{A7B11D2E-9CA5-4C78-B5D2-FEEC99D6F9EB}.Release|Any CPU.Build.0 = Release|Any CPU
		{4D694E5A-B058-4303-8AE1-971CBA135FDF}.Debug|Any CPU.ActiveCfg = Debug|Any CPU
		{4D694E5A-B058-4303-8AE1-971CBA135FDF}.Debug|Any CPU.Build.0 = Debug|Any CPU
		{4D694E5A-B058-4303-8AE1-971CBA135FDF}.Release|Any CPU.ActiveCfg = Release|Any CPU
		{4D694E5A-B058-4303-8AE1-971CBA135FDF}.Release|Any CPU.Build.0 = Release|Any CPU
	EndGlobalSection
	GlobalSection(SolutionProperties) = preSolution
		HideSolutionNode = FALSE
	EndGlobalSection
EndGlobal
